
Microsoft Visual Studio Solution File, Format Version 12.00
# Visual Studio 15
VisualStudioVersion = 15.0.27004.2010
MinimumVisualStudioVersion = 10.0.40219.1
Project("{FAE04EC0-301F-11D3-BF4B-00C04F79EFBC}") = "SVOM", "SVOM\SVOM.csproj", "{5B59AFEA-F84A-4A8E-81A2-0E0CE66DB9AC}"
EndProject
Project("{FAE04EC0-301F-11D3-BF4B-00C04F79EFBC}") = "DataLayer", "DataLayer\DataLayer.csproj", "{405DF1C1-E0D5-4293-9E06-001B4E2E0EDE}"
EndProject
Project("{FAE04EC0-301F-11D3-BF4B-00C04F79EFBC}") = "BusinessLayer", "BusinessLayer\BusinessLayer.csproj", "{29139CB9-DC8C-4887-9279-7302B26F0C90}"
EndProject
Project("{FAE04EC0-301F-11D3-BF4B-00C04F79EFBC}") = "SVOMTDD", "SVOMTDD\SVOMTDD.csproj", "{1894FA67-C513-47C4-8AB9-8649ADB1BA95}"
EndProject
Project("{FAE04EC0-301F-11D3-BF4B-00C04F79EFBC}") = "CommunicationLayer", "CommunicationLayer\CommunicationLayer.csproj", "{06A25D49-2A9B-4573-B0A4-8E514564B092}"
EndProject
Project("{2150E333-8FDC-42A3-9474-1A3956D46DE8}") = "Tests", "Tests", "{C897D270-24A3-4E74-A590-9DFA8E4DDFF1}"
EndProject
Project("{FAE04EC0-301F-11D3-BF4B-00C04F79EFBC}") = "UiLayer", "UiLayer\UiLayer.csproj", "{7B4A6A65-364A-4D23-824A-86857166CC21}"
EndProject
Project("{FAE04EC0-301F-11D3-BF4B-00C04F79EFBC}") = "UiLayer.Tests", "UiLayer.Tests\UiLayer.Tests.csproj", "{11C1E514-3694-43AD-B505-2C1F949F09E8}"
EndProject
Project("{FAE04EC0-301F-11D3-BF4B-00C04F79EFBC}") = "CoreDataLayer", "CoreDataLayer\CoreDataLayer.csproj", "{0E493688-99F6-4E47-AD41-F4F2623B7CBC}"
EndProject
Project("{2150E333-8FDC-42A3-9474-1A3956D46DE8}") = "non Core layers", "non Core layers", "{4A3E2BF2-D662-4A59-92B8-D6DCD80F9A74}"
EndProject
Project("{FAE04EC0-301F-11D3-BF4B-00C04F79EFBC}") = "CoreBusinessLayer", "CoreBusinessLayer\CoreBusinessLayer.csproj", "{C289F03E-6E0B-44A5-8A6B-152EF57D527F}"
EndProject
Project("{FAE04EC0-301F-11D3-BF4B-00C04F79EFBC}") = "CoreSVOM", "CoreSVOM\CoreSVOM.csproj", "{98B8475F-D673-46AA-9081-307B924BE8B6}"
EndProject
Project("{FAE04EC0-301F-11D3-BF4B-00C04F79EFBC}") = "CoreViewLayer", "CoreViewLayer\CoreViewLayer.csproj", "{E0B6A073-DF28-4E23-948E-7B542ED8338E}"
EndProject
Global
	GlobalSection(SolutionConfigurationPlatforms) = preSolution
		Debug|Any CPU = Debug|Any CPU
		Release|Any CPU = Release|Any CPU
	EndGlobalSection
	GlobalSection(ProjectConfigurationPlatforms) = postSolution
		{5B59AFEA-F84A-4A8E-81A2-0E0CE66DB9AC}.Debug|Any CPU.ActiveCfg = Debug|Any CPU
		{5B59AFEA-F84A-4A8E-81A2-0E0CE66DB9AC}.Release|Any CPU.ActiveCfg = Release|Any CPU
		{5B59AFEA-F84A-4A8E-81A2-0E0CE66DB9AC}.Release|Any CPU.Build.0 = Release|Any CPU
		{405DF1C1-E0D5-4293-9E06-001B4E2E0EDE}.Debug|Any CPU.ActiveCfg = Debug|Any CPU
		{405DF1C1-E0D5-4293-9E06-001B4E2E0EDE}.Release|Any CPU.ActiveCfg = Release|Any CPU
		{405DF1C1-E0D5-4293-9E06-001B4E2E0EDE}.Release|Any CPU.Build.0 = Release|Any CPU
		{29139CB9-DC8C-4887-9279-7302B26F0C90}.Debug|Any CPU.ActiveCfg = Debug|Any CPU
		{29139CB9-DC8C-4887-9279-7302B26F0C90}.Release|Any CPU.ActiveCfg = Release|Any CPU
		{29139CB9-DC8C-4887-9279-7302B26F0C90}.Release|Any CPU.Build.0 = Release|Any CPU
		{1894FA67-C513-47C4-8AB9-8649ADB1BA95}.Debug|Any CPU.ActiveCfg = Debug|Any CPU
		{1894FA67-C513-47C4-8AB9-8649ADB1BA95}.Debug|Any CPU.Build.0 = Debug|Any CPU
		{1894FA67-C513-47C4-8AB9-8649ADB1BA95}.Release|Any CPU.ActiveCfg = Release|Any CPU
		{1894FA67-C513-47C4-8AB9-8649ADB1BA95}.Release|Any CPU.Build.0 = Release|Any CPU
		{06A25D49-2A9B-4573-B0A4-8E514564B092}.Debug|Any CPU.ActiveCfg = Debug|Any CPU
		{06A25D49-2A9B-4573-B0A4-8E514564B092}.Release|Any CPU.ActiveCfg = Release|Any CPU
		{06A25D49-2A9B-4573-B0A4-8E514564B092}.Release|Any CPU.Build.0 = Release|Any CPU
		{7B4A6A65-364A-4D23-824A-86857166CC21}.Debug|Any CPU.ActiveCfg = Debug|Any CPU
		{7B4A6A65-364A-4D23-824A-86857166CC21}.Debug|Any CPU.Build.0 = Debug|Any CPU
		{7B4A6A65-364A-4D23-824A-86857166CC21}.Release|Any CPU.ActiveCfg = Release|Any CPU
		{7B4A6A65-364A-4D23-824A-86857166CC21}.Release|Any CPU.Build.0 = Release|Any CPU
		{11C1E514-3694-43AD-B505-2C1F949F09E8}.Debug|Any CPU.ActiveCfg = Debug|Any CPU
		{11C1E514-3694-43AD-B505-2C1F949F09E8}.Debug|Any CPU.Build.0 = Debug|Any CPU
		{11C1E514-3694-43AD-B505-2C1F949F09E8}.Release|Any CPU.ActiveCfg = Release|Any CPU
		{11C1E514-3694-43AD-B505-2C1F949F09E8}.Release|Any CPU.Build.0 = Release|Any CPU
		{0E493688-99F6-4E47-AD41-F4F2623B7CBC}.Debug|Any CPU.ActiveCfg = Debug|Any CPU
		{0E493688-99F6-4E47-AD41-F4F2623B7CBC}.Debug|Any CPU.Build.0 = Debug|Any CPU
		{0E493688-99F6-4E47-AD41-F4F2623B7CBC}.Release|Any CPU.ActiveCfg = Release|Any CPU
		{0E493688-99F6-4E47-AD41-F4F2623B7CBC}.Release|Any CPU.Build.0 = Release|Any CPU
		{C289F03E-6E0B-44A5-8A6B-152EF57D527F}.Debug|Any CPU.ActiveCfg = Debug|Any CPU
		{C289F03E-6E0B-44A5-8A6B-152EF57D527F}.Debug|Any CPU.Build.0 = Debug|Any CPU
		{C289F03E-6E0B-44A5-8A6B-152EF57D527F}.Release|Any CPU.ActiveCfg = Release|Any CPU
		{C289F03E-6E0B-44A5-8A6B-152EF57D527F}.Release|Any CPU.Build.0 = Release|Any CPU
		{98B8475F-D673-46AA-9081-307B924BE8B6}.Debug|Any CPU.ActiveCfg = Debug|Any CPU
		{98B8475F-D673-46AA-9081-307B924BE8B6}.Debug|Any CPU.Build.0 = Debug|Any CPU
		{98B8475F-D673-46AA-9081-307B924BE8B6}.Release|Any CPU.ActiveCfg = Release|Any CPU
		{98B8475F-D673-46AA-9081-307B924BE8B6}.Release|Any CPU.Build.0 = Release|Any CPU
		{E0B6A073-DF28-4E23-948E-7B542ED8338E}.Debug|Any CPU.ActiveCfg = Debug|Any CPU
		{E0B6A073-DF28-4E23-948E-7B542ED8338E}.Debug|Any CPU.Build.0 = Debug|Any CPU
		{E0B6A073-DF28-4E23-948E-7B542ED8338E}.Release|Any CPU.ActiveCfg = Release|Any CPU
		{E0B6A073-DF28-4E23-948E-7B542ED8338E}.Release|Any CPU.Build.0 = Release|Any CPU
	EndGlobalSection
	GlobalSection(SolutionProperties) = preSolution
		HideSolutionNode = FALSE
	EndGlobalSection
	GlobalSection(NestedProjects) = preSolution
		{5B59AFEA-F84A-4A8E-81A2-0E0CE66DB9AC} = {4A3E2BF2-D662-4A59-92B8-D6DCD80F9A74}
		{405DF1C1-E0D5-4293-9E06-001B4E2E0EDE} = {4A3E2BF2-D662-4A59-92B8-D6DCD80F9A74}
		{29139CB9-DC8C-4887-9279-7302B26F0C90} = {4A3E2BF2-D662-4A59-92B8-D6DCD80F9A74}
		{1894FA67-C513-47C4-8AB9-8649ADB1BA95} = {C897D270-24A3-4E74-A590-9DFA8E4DDFF1}
		{7B4A6A65-364A-4D23-824A-86857166CC21} = {4A3E2BF2-D662-4A59-92B8-D6DCD80F9A74}
		{11C1E514-3694-43AD-B505-2C1F949F09E8} = {C897D270-24A3-4E74-A590-9DFA8E4DDFF1}
	EndGlobalSection
	GlobalSection(ExtensibilityGlobals) = postSolution
		SolutionGuid = {6D1BDB70-CD83-46EF-8F68-FE749A1AE52D}
	EndGlobalSection
EndGlobal
